
Microsoft Visual Studio Solution File, Format Version 12.00
# Visual Studio Version 16
VisualStudioVersion = 16.0.30320.27
MinimumVisualStudioVersion = 10.0.40219.1
Project("{FAE04EC0-301F-11D3-BF4B-00C04F79EFBC}") = "DonateKart.Host", "DonateKart.Host\DonateKart.Host.csproj", "{12187B85-CF8A-49DF-834F-FB7A01DDBBD5}"
EndProject
Project("{2150E333-8FDC-42A3-9474-1A3956D46DE8}") = "00 common", "00 common", "{0BDDF510-7211-4279-8FBB-979453BF5D36}"
EndProject
Project("{2150E333-8FDC-42A3-9474-1A3956D46DE8}") = "10 Api", "10 Api", "{AAC63847-3D25-4C4A-81FC-24FD20096029}"
EndProject
Project("{2150E333-8FDC-42A3-9474-1A3956D46DE8}") = "20 Dal", "20 Dal", "{8ACDF08D-C08C-4137-BF22-A59DEB2ADADE}"
EndProject
Project("{2150E333-8FDC-42A3-9474-1A3956D46DE8}") = "30 Logic", "30 Logic", "{996A7ECD-DE48-4AA7-A8F7-7E199F304041}"
EndProject
Project("{2150E333-8FDC-42A3-9474-1A3956D46DE8}") = "40 Controller", "40 Controller", "{A1132D6A-4E52-402A-81A3-6EF530E96656}"
EndProject
Project("{2150E333-8FDC-42A3-9474-1A3956D46DE8}") = "50 Host", "50 Host", "{9E33065B-1E72-4956-B7A9-F7837D3EEA5B}"
EndProject
Project("{2150E333-8FDC-42A3-9474-1A3956D46DE8}") = "60 Tests", "60 Tests", "{4D671543-8353-4791-8862-EC2AF49EE006}"
EndProject
Project("{FAE04EC0-301F-11D3-BF4B-00C04F79EFBC}") = "DonateKart.Controller", "DonateKart.Controller\DonateKart.Controller.csproj", "{41B68EBF-3F80-494A-AC46-C99279E83D87}"
EndProject
Project("{FAE04EC0-301F-11D3-BF4B-00C04F79EFBC}") = "DonateKart.Logic", "DonateKart.Logic\DonateKart.Logic.csproj", "{94B8F418-3B73-405C-9968-0E71BA7AF798}"
EndProject
Project("{FAE04EC0-301F-11D3-BF4B-00C04F79EFBC}") = "DonateKart.Dal", "DonateKart.Dal\DonateKart.Dal.csproj", "{8063A553-0502-47BD-814B-533FE7FE67A1}"
EndProject
Project("{FAE04EC0-301F-11D3-BF4B-00C04F79EFBC}") = "DonateKart.Api", "DonateKart.Api\DonateKart.Api.csproj", "{9424A51A-435A-4B4B-B8DC-8A8E9CAF6F3F}"
EndProject
Project("{FAE04EC0-301F-11D3-BF4B-00C04F79EFBC}") = "DonateKart.Common", "DonateKart.Common\DonateKart.Common.csproj", "{9ED00F9F-D1EC-4A1F-AEDC-16EB7E04DED4}"
EndProject
Project("{2150E333-8FDC-42A3-9474-1A3956D46DE8}") = "35 Client", "35 Client", "{A793DC7A-2740-4BA6-A5D6-4BC25FD6B64C}"
EndProject
Project("{FAE04EC0-301F-11D3-BF4B-00C04F79EFBC}") = "DonateKart.Client", "DonateKart.Client\DonateKart.Client.csproj", "{3D01CC88-DDE3-4FE0-AC55-810D4CEB00E0}"
EndProject
Global
	GlobalSection(SolutionConfigurationPlatforms) = preSolution
		Debug|Any CPU = Debug|Any CPU
		Release|Any CPU = Release|Any CPU
	EndGlobalSection
	GlobalSection(ProjectConfigurationPlatforms) = postSolution
		{12187B85-CF8A-49DF-834F-FB7A01DDBBD5}.Debug|Any CPU.ActiveCfg = Debug|Any CPU
		{12187B85-CF8A-49DF-834F-FB7A01DDBBD5}.Debug|Any CPU.Build.0 = Debug|Any CPU
		{12187B85-CF8A-49DF-834F-FB7A01DDBBD5}.Release|Any CPU.ActiveCfg = Release|Any CPU
		{12187B85-CF8A-49DF-834F-FB7A01DDBBD5}.Release|Any CPU.Build.0 = Release|Any CPU
		{41B68EBF-3F80-494A-AC46-C99279E83D87}.Debug|Any CPU.ActiveCfg = Debug|Any CPU
		{41B68EBF-3F80-494A-AC46-C99279E83D87}.Debug|Any CPU.Build.0 = Debug|Any CPU
		{41B68EBF-3F80-494A-AC46-C99279E83D87}.Release|Any CPU.ActiveCfg = Release|Any CPU
		{41B68EBF-3F80-494A-AC46-C99279E83D87}.Release|Any CPU.Build.0 = Release|Any CPU
		{94B8F418-3B73-405C-9968-0E71BA7AF798}.Debug|Any CPU.ActiveCfg = Debug|Any CPU
		{94B8F418-3B73-405C-9968-0E71BA7AF798}.Debug|Any CPU.Build.0 = Debug|Any CPU
		{94B8F418-3B73-405C-9968-0E71BA7AF798}.Release|Any CPU.ActiveCfg = Release|Any CPU
		{94B8F418-3B73-405C-9968-0E71BA7AF798}.Release|Any CPU.Build.0 = Release|Any CPU
		{8063A553-0502-47BD-814B-533FE7FE67A1}.Debug|Any CPU.ActiveCfg = Debug|Any CPU
		{8063A553-0502-47BD-814B-533FE7FE67A1}.Debug|Any CPU.Build.0 = Debug|Any CPU
		{8063A553-0502-47BD-814B-533FE7FE67A1}.Release|Any CPU.ActiveCfg = Release|Any CPU
		{8063A553-0502-47BD-814B-533FE7FE67A1}.Release|Any CPU.Build.0 = Release|Any CPU
		{9424A51A-435A-4B4B-B8DC-8A8E9CAF6F3F}.Debug|Any CPU.ActiveCfg = Debug|Any CPU
		{9424A51A-435A-4B4B-B8DC-8A8E9CAF6F3F}.Debug|Any CPU.Build.0 = Debug|Any CPU
		{9424A51A-435A-4B4B-B8DC-8A8E9CAF6F3F}.Release|Any CPU.ActiveCfg = Release|Any CPU
		{9424A51A-435A-4B4B-B8DC-8A8E9CAF6F3F}.Release|Any CPU.Build.0 = Release|Any CPU
		{9ED00F9F-D1EC-4A1F-AEDC-16EB7E04DED4}.Debug|Any CPU.ActiveCfg = Debug|Any CPU
		{9ED00F9F-D1EC-4A1F-AEDC-16EB7E04DED4}.Debug|Any CPU.Build.0 = Debug|Any CPU
		{9ED00F9F-D1EC-4A1F-AEDC-16EB7E04DED4}.Release|Any CPU.ActiveCfg = Release|Any CPU
		{9ED00F9F-D1EC-4A1F-AEDC-16EB7E04DED4}.Release|Any CPU.Build.0 = Release|Any CPU
		{3D01CC88-DDE3-4FE0-AC55-810D4CEB00E0}.Debug|Any CPU.ActiveCfg = Debug|Any CPU
		{3D01CC88-DDE3-4FE0-AC55-810D4CEB00E0}.Debug|Any CPU.Build.0 = Debug|Any CPU
		{3D01CC88-DDE3-4FE0-AC55-810D4CEB00E0}.Release|Any CPU.ActiveCfg = Release|Any CPU
		{3D01CC88-DDE3-4FE0-AC55-810D4CEB00E0}.Release|Any CPU.Build.0 = Release|Any CPU
	EndGlobalSection
	GlobalSection(SolutionProperties) = preSolution
		HideSolutionNode = FALSE
	EndGlobalSection
	GlobalSection(NestedProjects) = preSolution
		{12187B85-CF8A-49DF-834F-FB7A01DDBBD5} = {9E33065B-1E72-4956-B7A9-F7837D3EEA5B}
		{41B68EBF-3F80-494A-AC46-C99279E83D87} = {A1132D6A-4E52-402A-81A3-6EF530E96656}
		{94B8F418-3B73-405C-9968-0E71BA7AF798} = {996A7ECD-DE48-4AA7-A8F7-7E199F304041}
		{8063A553-0502-47BD-814B-533FE7FE67A1} = {8ACDF08D-C08C-4137-BF22-A59DEB2ADADE}
		{9424A51A-435A-4B4B-B8DC-8A8E9CAF6F3F} = {AAC63847-3D25-4C4A-81FC-24FD20096029}
		{9ED00F9F-D1EC-4A1F-AEDC-16EB7E04DED4} = {0BDDF510-7211-4279-8FBB-979453BF5D36}
		{3D01CC88-DDE3-4FE0-AC55-810D4CEB00E0} = {A793DC7A-2740-4BA6-A5D6-4BC25FD6B64C}
	EndGlobalSection
	GlobalSection(ExtensibilityGlobals) = postSolution
		SolutionGuid = {178953AA-69E0-42D7-A471-233F611D72E0}
	EndGlobalSection
EndGlobal
